
Microsoft Visual Studio Solution File, Format Version 12.00
# Visual Studio Version 16
VisualStudioVersion = 16.0.31105.61
MinimumVisualStudioVersion = 10.0.40219.1
Project("{FAE04EC0-301F-11D3-BF4B-00C04F79EFBC}") = "TextFileCSV", "TextFileCSV.csproj", "{DC322104-7729-43E8-B163-091A1592D1D7}"
EndProject
Global
	GlobalSection(SolutionConfigurationPlatforms) = preSolution
		Debug|Any CPU = Debug|Any CPU
		Release|Any CPU = Release|Any CPU
	EndGlobalSection
	GlobalSection(ProjectConfigurationPlatforms) = postSolution
		{DC322104-7729-43E8-B163-091A1592D1D7}.Debug|Any CPU.ActiveCfg = Debug|Any CPU
		{DC322104-7729-43E8-B163-091A1592D1D7}.Debug|Any CPU.Build.0 = Debug|Any CPU
		{DC322104-7729-43E8-B163-091A1592D1D7}.Release|Any CPU.ActiveCfg = Release|Any CPU
		{DC322104-7729-43E8-B163-091A1592D1D7}.Release|Any CPU.Build.0 = Release|Any CPU
	EndGlobalSection
	GlobalSection(SolutionProperties) = preSolution
		HideSolutionNode = FALSE
	EndGlobalSection
	GlobalSection(ExtensibilityGlobals) = postSolution
		SolutionGuid = {05756F51-7F66-41C0-A043-395ED6D6B3D0}
	EndGlobalSection
EndGlobal
