
Microsoft Visual Studio Solution File, Format Version 12.00
# Visual Studio Version 16
VisualStudioVersion = 16.0.31105.61
MinimumVisualStudioVersion = 10.0.40219.1
Project("{FAE04EC0-301F-11D3-BF4B-00C04F79EFBC}") = "EF_Practise", "EF_Practise\EF_Practise.csproj", "{30776E16-0C09-492D-B6F9-BCF4245B9963}"
EndProject
Global
	GlobalSection(SolutionConfigurationPlatforms) = preSolution
		Debug|Any CPU = Debug|Any CPU
		Release|Any CPU = Release|Any CPU
	EndGlobalSection
	GlobalSection(ProjectConfigurationPlatforms) = postSolution
		{30776E16-0C09-492D-B6F9-BCF4245B9963}.Debug|Any CPU.ActiveCfg = Debug|Any CPU
		{30776E16-0C09-492D-B6F9-BCF4245B9963}.Debug|Any CPU.Build.0 = Debug|Any CPU
		{30776E16-0C09-492D-B6F9-BCF4245B9963}.Release|Any CPU.ActiveCfg = Release|Any CPU
		{30776E16-0C09-492D-B6F9-BCF4245B9963}.Release|Any CPU.Build.0 = Release|Any CPU
	EndGlobalSection
	GlobalSection(SolutionProperties) = preSolution
		HideSolutionNode = FALSE
	EndGlobalSection
	GlobalSection(ExtensibilityGlobals) = postSolution
		SolutionGuid = {37E396EF-6688-4E80-9B7C-D5EB7200C114}
	EndGlobalSection
EndGlobal
