
Microsoft Visual Studio Solution File, Format Version 12.00
# Visual Studio Version 16
VisualStudioVersion = 16.0.31105.61
MinimumVisualStudioVersion = 10.0.40219.1
Project("{9A19103F-16F7-4668-BE54-9A1E7A4F7556}") = "TryToFixEverything", "TryToFixEverything\TryToFixEverything.csproj", "{832718AA-7BDF-4205-8798-D80BB7DCBE08}"
EndProject
Project("{9A19103F-16F7-4668-BE54-9A1E7A4F7556}") = "Domain", "Core\Domain.csproj", "{980F199C-3CA2-482A-8363-2770260D57F3}"
EndProject
Project("{9A19103F-16F7-4668-BE54-9A1E7A4F7556}") = "BLL", "BLL\BLL.csproj", "{DFCC10C5-3D0D-4752-99EF-B2D3C14A089E}"
EndProject
Project("{9A19103F-16F7-4668-BE54-9A1E7A4F7556}") = "BLL.Abstractions", "BLL.Abstractions\BLL.Abstractions.csproj", "{F01A1923-56EC-427F-8A34-3B66B9A9A035}"
EndProject
Project("{9A19103F-16F7-4668-BE54-9A1E7A4F7556}") = "DAL", "DAL\DAL.csproj", "{F64DF463-C88B-42A7-9CC0-EC5CBA8D25D0}"
EndProject
Project("{9A19103F-16F7-4668-BE54-9A1E7A4F7556}") = "DAL.Abstractions", "DAL.Abstractions\DAL.Abstractions.csproj", "{B6D70761-4244-4C5B-BB31-3E4B5E35669E}"
EndProject
Global
	GlobalSection(SolutionConfigurationPlatforms) = preSolution
		Debug|Any CPU = Debug|Any CPU
		Release|Any CPU = Release|Any CPU
	EndGlobalSection
	GlobalSection(ProjectConfigurationPlatforms) = postSolution
		{832718AA-7BDF-4205-8798-D80BB7DCBE08}.Debug|Any CPU.ActiveCfg = Debug|Any CPU
		{832718AA-7BDF-4205-8798-D80BB7DCBE08}.Debug|Any CPU.Build.0 = Debug|Any CPU
		{832718AA-7BDF-4205-8798-D80BB7DCBE08}.Release|Any CPU.ActiveCfg = Release|Any CPU
		{832718AA-7BDF-4205-8798-D80BB7DCBE08}.Release|Any CPU.Build.0 = Release|Any CPU
		{980F199C-3CA2-482A-8363-2770260D57F3}.Debug|Any CPU.ActiveCfg = Debug|Any CPU
		{980F199C-3CA2-482A-8363-2770260D57F3}.Debug|Any CPU.Build.0 = Debug|Any CPU
		{980F199C-3CA2-482A-8363-2770260D57F3}.Release|Any CPU.ActiveCfg = Release|Any CPU
		{980F199C-3CA2-482A-8363-2770260D57F3}.Release|Any CPU.Build.0 = Release|Any CPU
		{DFCC10C5-3D0D-4752-99EF-B2D3C14A089E}.Debug|Any CPU.ActiveCfg = Debug|Any CPU
		{DFCC10C5-3D0D-4752-99EF-B2D3C14A089E}.Debug|Any CPU.Build.0 = Debug|Any CPU
		{DFCC10C5-3D0D-4752-99EF-B2D3C14A089E}.Release|Any CPU.ActiveCfg = Release|Any CPU
		{DFCC10C5-3D0D-4752-99EF-B2D3C14A089E}.Release|Any CPU.Build.0 = Release|Any CPU
		{F01A1923-56EC-427F-8A34-3B66B9A9A035}.Debug|Any CPU.ActiveCfg = Debug|Any CPU
		{F01A1923-56EC-427F-8A34-3B66B9A9A035}.Debug|Any CPU.Build.0 = Debug|Any CPU
		{F01A1923-56EC-427F-8A34-3B66B9A9A035}.Release|Any CPU.ActiveCfg = Release|Any CPU
		{F01A1923-56EC-427F-8A34-3B66B9A9A035}.Release|Any CPU.Build.0 = Release|Any CPU
		{F64DF463-C88B-42A7-9CC0-EC5CBA8D25D0}.Debug|Any CPU.ActiveCfg = Debug|Any CPU
		{F64DF463-C88B-42A7-9CC0-EC5CBA8D25D0}.Debug|Any CPU.Build.0 = Debug|Any CPU
		{F64DF463-C88B-42A7-9CC0-EC5CBA8D25D0}.Release|Any CPU.ActiveCfg = Release|Any CPU
		{F64DF463-C88B-42A7-9CC0-EC5CBA8D25D0}.Release|Any CPU.Build.0 = Release|Any CPU
		{B6D70761-4244-4C5B-BB31-3E4B5E35669E}.Debug|Any CPU.ActiveCfg = Debug|Any CPU
		{B6D70761-4244-4C5B-BB31-3E4B5E35669E}.Debug|Any CPU.Build.0 = Debug|Any CPU
		{B6D70761-4244-4C5B-BB31-3E4B5E35669E}.Release|Any CPU.ActiveCfg = Release|Any CPU
		{B6D70761-4244-4C5B-BB31-3E4B5E35669E}.Release|Any CPU.Build.0 = Release|Any CPU
	EndGlobalSection
	GlobalSection(SolutionProperties) = preSolution
		HideSolutionNode = FALSE
	EndGlobalSection
	GlobalSection(ExtensibilityGlobals) = postSolution
		SolutionGuid = {33F453F5-6F78-4576-A4D3-70A87E5EA884}
	EndGlobalSection
EndGlobal
