
Microsoft Visual Studio Solution File, Format Version 12.00
# Visual Studio Version 16
VisualStudioVersion = 16.0.31105.61
MinimumVisualStudioVersion = 10.0.40219.1
Project("{FAE04EC0-301F-11D3-BF4B-00C04F79EFBC}") = "Dz1", "Dz1.csproj", "{38AD7FE8-AB84-4046-B3CF-FF653DC0394B}"
EndProject
Global
	GlobalSection(SolutionConfigurationPlatforms) = preSolution
		Debug|Any CPU = Debug|Any CPU
		Release|Any CPU = Release|Any CPU
	EndGlobalSection
	GlobalSection(ProjectConfigurationPlatforms) = postSolution
		{38AD7FE8-AB84-4046-B3CF-FF653DC0394B}.Debug|Any CPU.ActiveCfg = Debug|Any CPU
		{38AD7FE8-AB84-4046-B3CF-FF653DC0394B}.Debug|Any CPU.Build.0 = Debug|Any CPU
		{38AD7FE8-AB84-4046-B3CF-FF653DC0394B}.Release|Any CPU.ActiveCfg = Release|Any CPU
		{38AD7FE8-AB84-4046-B3CF-FF653DC0394B}.Release|Any CPU.Build.0 = Release|Any CPU
	EndGlobalSection
	GlobalSection(SolutionProperties) = preSolution
		HideSolutionNode = FALSE
	EndGlobalSection
	GlobalSection(ExtensibilityGlobals) = postSolution
		SolutionGuid = {322CE42F-5B1A-47CE-9555-E2C6D4584177}
	EndGlobalSection
EndGlobal
